// !$*UTF8*$!
{
	archiveVersion = 1;
	classes = {
	};
	objectVersion = 46;
	objects = {

/* Begin PBXBuildFile section */
		C74412E31D2CBEC600A1D51E /* note2.png in Resources */ = {isa = PBXBuildFile; fileRef = C74412E11D2CBEC600A1D51E /* note2.png */; };
		C74412EC1D2D044B00A1D51E /* note1.png in Resources */ = {isa = PBXBuildFile; fileRef = C74412E71D2D044B00A1D51E /* note1.png */; };
		C74412EE1D2D044B00A1D51E /* note3.png in Resources */ = {isa = PBXBuildFile; fileRef = C74412E91D2D044B00A1D51E /* note3.png */; };
		C74412F61D2D0A5800A1D51E /* background-blackboard.jpg in Resources */ = {isa = PBXBuildFile; fileRef = C74412F51D2D0A5800A1D51E /* background-blackboard.jpg */; };
		C792B26F1D2CB88F00BF60D1 /* AppDelegate.swift in Sources */ = {isa = PBXBuildFile; fileRef = C792B26E1D2CB88F00BF60D1 /* AppDelegate.swift */; };
		C792B2711D2CB88F00BF60D1 /* ViewController.swift in Sources */ = {isa = PBXBuildFile; fileRef = C792B2701D2CB88F00BF60D1 /* ViewController.swift */; };
		C792B2741D2CB88F00BF60D1 /* Main.storyboard in Resources */ = {isa = PBXBuildFile; fileRef = C792B2721D2CB88F00BF60D1 /* Main.storyboard */; };
		C792B2761D2CB88F00BF60D1 /* Assets.xcassets in Resources */ = {isa = PBXBuildFile; fileRef = C792B2751D2CB88F00BF60D1 /* Assets.xcassets */; };
		C792B2791D2CB88F00BF60D1 /* LaunchScreen.storyboard in Resources */ = {isa = PBXBuildFile; fileRef = C792B2771D2CB88F00BF60D1 /* LaunchScreen.storyboard */; };
/* End PBXBuildFile section */

/* Begin PBXFileReference section */
		C74412E11D2CBEC600A1D51E /* note2.png */ = {isa = PBXFileReference; lastKnownFileType = image.png; path = note2.png; sourceTree = "<group>"; };
		C74412E71D2D044B00A1D51E /* note1.png */ = {isa = PBXFileReference; lastKnownFileType = image.png; path = note1.png; sourceTree = "<group>"; };
		C74412E81D2D044B00A1D51E /* note2.png */ = {isa = PBXFileReference; lastKnownFileType = image.png; path = note2.png; sourceTree = "<group>"; };
		C74412E91D2D044B00A1D51E /* note3.png */ = {isa = PBXFileReference; lastKnownFileType = image.png; path = note3.png; sourceTree = "<group>"; };
		C74412F51D2D0A5800A1D51E /* background-blackboard.jpg */ = {isa = PBXFileReference; lastKnownFileType = image.jpeg; path = "background-blackboard.jpg"; sourceTree = "<group>"; };
		C792B26B1D2CB88F00BF60D1 /* Math.app */ = {isa = PBXFileReference; explicitFileType = wrapper.application; includeInIndex = 0; path = Math.app; sourceTree = BUILT_PRODUCTS_DIR; };
		C792B26E1D2CB88F00BF60D1 /* AppDelegate.swift */ = {isa = PBXFileReference; lastKnownFileType = sourcecode.swift; path = AppDelegate.swift; sourceTree = "<group>"; };
		C792B2701D2CB88F00BF60D1 /* ViewController.swift */ = {isa = PBXFileReference; lastKnownFileType = sourcecode.swift; path = ViewController.swift; sourceTree = "<group>"; };
		C792B2731D2CB88F00BF60D1 /* Base */ = {isa = PBXFileReference; lastKnownFileType = file.storyboard; name = Base; path = Base.lproj/Main.storyboard; sourceTree = "<group>"; };
		C792B2751D2CB88F00BF60D1 /* Assets.xcassets */ = {isa = PBXFileReference; lastKnownFileType = folder.assetcatalog; path = Assets.xcassets; sourceTree = "<group>"; };
		C792B2781D2CB88F00BF60D1 /* Base */ = {isa = PBXFileReference; lastKnownFileType = file.storyboard; name = Base; path = Base.lproj/LaunchScreen.storyboard; sourceTree = "<group>"; };
		C792B27A1D2CB88F00BF60D1 /* Info.plist */ = {isa = PBXFileReference; lastKnownFileType = text.plist.xml; path = Info.plist; sourceTree = "<group>"; };
/* End PBXFileReference section */

/* Begin PBXFrameworksBuildPhase section */
		C792B2681D2CB88F00BF60D1 /* Frameworks */ = {
			isa = PBXFrameworksBuildPhase;
			buildActionMask = 2147483647;
			files = (
			);
			runOnlyForDeploymentPostprocessing = 0;
		};
/* End PBXFrameworksBuildPhase section */

/* Begin PBXGroup section */
		C74412D81D2CBD6100A1D51E /* img */ = {
			isa = PBXGroup;
			children = (
				C74412F51D2D0A5800A1D51E /* background-blackboard.jpg */,
				C74412E71D2D044B00A1D51E /* note1.png */,
				C74412E81D2D044B00A1D51E /* note2.png */,
				C74412E91D2D044B00A1D51E /* note3.png */,
				C74412E11D2CBEC600A1D51E /* note2.png */,
			);
			name = img;
			sourceTree = "<group>";
		};
		C792B2621D2CB88F00BF60D1 = {
			isa = PBXGroup;
			children = (
				C792B26D1D2CB88F00BF60D1 /* Math */,
				C792B26C1D2CB88F00BF60D1 /* Products */,
			);
			sourceTree = "<group>";
		};
		C792B26C1D2CB88F00BF60D1 /* Products */ = {
			isa = PBXGroup;
			children = (
				C792B26B1D2CB88F00BF60D1 /* Math.app */,
			);
			name = Products;
			sourceTree = "<group>";
		};
		C792B26D1D2CB88F00BF60D1 /* Math */ = {
			isa = PBXGroup;
			children = (
				C74412D81D2CBD6100A1D51E /* img */,
				C792B26E1D2CB88F00BF60D1 /* AppDelegate.swift */,
				C792B2701D2CB88F00BF60D1 /* ViewController.swift */,
				C792B2721D2CB88F00BF60D1 /* Main.storyboard */,
				C792B2751D2CB88F00BF60D1 /* Assets.xcassets */,
				C792B2771D2CB88F00BF60D1 /* LaunchScreen.storyboard */,
				C792B27A1D2CB88F00BF60D1 /* Info.plist */,
			);
			path = Math;
			sourceTree = "<group>";
		};
/* End PBXGroup section */

/* Begin PBXNativeTarget section */
		C792B26A1D2CB88F00BF60D1 /* Math */ = {
			isa = PBXNativeTarget;
			buildConfigurationList = C792B27D1D2CB88F00BF60D1 /* Build configuration list for PBXNativeTarget "Math" */;
			buildPhases = (
				C792B2671D2CB88F00BF60D1 /* Sources */,
				C792B2681D2CB88F00BF60D1 /* Frameworks */,
				C792B2691D2CB88F00BF60D1 /* Resources */,
			);
			buildRules = (
			);
			dependencies = (
			);
			name = Math;
			productName = Math;
			productReference = C792B26B1D2CB88F00BF60D1 /* Math.app */;
			productType = "com.apple.product-type.application";
		};
/* End PBXNativeTarget section */

/* Begin PBXProject section */
		C792B2631D2CB88F00BF60D1 /* Project object */ = {
			isa = PBXProject;
			attributes = {
				LastSwiftUpdateCheck = 0720;
				LastUpgradeCheck = 0730;
				ORGANIZATIONNAME = "le ha thanh";
				TargetAttributes = {
					C792B26A1D2CB88F00BF60D1 = {
						CreatedOnToolsVersion = 7.2;
						DevelopmentTeam = 6NA7JG29ZK;
					};
				};
			};
			buildConfigurationList = C792B2661D2CB88F00BF60D1 /* Build configuration list for PBXProject "Math" */;
			compatibilityVersion = "Xcode 3.2";
			developmentRegion = English;
			hasScannedForEncodings = 0;
			knownRegions = (
				en,
				Base,
			);
			mainGroup = C792B2621D2CB88F00BF60D1;
			productRefGroup = C792B26C1D2CB88F00BF60D1 /* Products */;
			projectDirPath = "";
			projectRoot = "";
			targets = (
				C792B26A1D2CB88F00BF60D1 /* Math */,
			);
		};
/* End PBXProject section */

/* Begin PBXResourcesBuildPhase section */
		C792B2691D2CB88F00BF60D1 /* Resources */ = {
			isa = PBXResourcesBuildPhase;
			buildActionMask = 2147483647;
			files = (
				C74412F61D2D0A5800A1D51E /* background-blackboard.jpg in Resources */,
				C74412E31D2CBEC600A1D51E /* note2.png in Resources */,
				C792B2791D2CB88F00BF60D1 /* LaunchScreen.storyboard in Resources */,
				C792B2761D2CB88F00BF60D1 /* Assets.xcassets in Resources */,
				C792B2741D2CB88F00BF60D1 /* Main.storyboard in Resources */,
				C74412EC1D2D044B00A1D51E /* note1.png in Resources */,
				C74412EE1D2D044B00A1D51E /* note3.png in Resources */,
			);
			runOnlyForDeploymentPostprocessing = 0;
		};
/* End PBXResourcesBuildPhase section */

/* Begin PBXSourcesBuildPhase section */
		C792B2671D2CB88F00BF60D1 /* Sources */ = {
			isa = PBXSourcesBuildPhase;
			buildActionMask = 2147483647;
			files = (
				C792B2711D2CB88F00BF60D1 /* ViewController.swift in Sources */,
				C792B26F1D2CB88F00BF60D1 /* AppDelegate.swift in Sources */,
			);
			runOnlyForDeploymentPostprocessing = 0;
		};
/* End PBXSourcesBuildPhase section */

/* Begin PBXVariantGroup section */
		C792B2721D2CB88F00BF60D1 /* Main.storyboard */ = {
			isa = PBXVariantGroup;
			children = (
				C792B2731D2CB88F00BF60D1 /* Base */,
			);
			name = Main.storyboard;
			sourceTree = "<group>";
		};
		C792B2771D2CB88F00BF60D1 /* LaunchScreen.storyboard */ = {
			isa = PBXVariantGroup;
			children = (
				C792B2781D2CB88F00BF60D1 /* Base */,
			);
			name = LaunchScreen.storyboard;
			sourceTree = "<group>";
		};
/* End PBXVariantGroup section */

/* Begin XCBuildConfiguration section */
		C792B27B1D2CB88F00BF60D1 /* Debug */ = {
			isa = XCBuildConfiguration;
			buildSettings = {
				ALWAYS_SEARCH_USER_PATHS = NO;
				CLANG_CXX_LANGUAGE_STANDARD = "gnu++0x";
				CLANG_CXX_LIBRARY = "libc++";
				CLANG_ENABLE_MODULES = YES;
				CLANG_ENABLE_OBJC_ARC = YES;
				CLANG_WARN_BOOL_CONVERSION = YES;
				CLANG_WARN_CONSTANT_CONVERSION = YES;
				CLANG_WARN_DIRECT_OBJC_ISA_USAGE = YES_ERROR;
				CLANG_WARN_EMPTY_BODY = YES;
				CLANG_WARN_ENUM_CONVERSION = YES;
				CLANG_WARN_INT_CONVERSION = YES;
				CLANG_WARN_OBJC_ROOT_CLASS = YES_ERROR;
				CLANG_WARN_UNREACHABLE_CODE = YES;
				CLANG_WARN__DUPLICATE_METHOD_MATCH = YES;
				"CODE_SIGN_IDENTITY[sdk=iphoneos*]" = "iPhone Developer";
				COPY_PHASE_STRIP = NO;
				DEBUG_INFORMATION_FORMAT = dwarf;
				ENABLE_STRICT_OBJC_MSGSEND = YES;
				ENABLE_TESTABILITY = YES;
				GCC_C_LANGUAGE_STANDARD = gnu99;
				GCC_DYNAMIC_NO_PIC = NO;
				GCC_NO_COMMON_BLOCKS = YES;
				GCC_OPTIMIZATION_LEVEL = 0;
				GCC_PREPROCESSOR_DEFINITIONS = (
					"DEBUG=1",
					"$(inherited)",
				);
				GCC_WARN_64_TO_32_BIT_CONVERSION = YES;
				GCC_WARN_ABOUT_RETURN_TYPE = YES_ERROR;
				GCC_WARN_UNDECLARED_SELECTOR = YES;
				GCC_WARN_UNINITIALIZED_AUTOS = YES_AGGRESSIVE;
				GCC_WARN_UNUSED_FUNCTION = YES;
				GCC_WARN_UNUSED_VARIABLE = YES;
				IPHONEOS_DEPLOYMENT_TARGET = 9.2;
				MTL_ENABLE_DEBUG_INFO = YES;
				ONLY_ACTIVE_ARCH = YES;
				SDKROOT = iphoneos;
				SWIFT_OPTIMIZATION_LEVEL = "-Onone";
			};
			name = Debug;
		};
		C792B27C1D2CB88F00BF60D1 /* Release */ = {
			isa = XCBuildConfiguration;
			buildSettings = {
				ALWAYS_SEARCH_USER_PATHS = NO;
				CLANG_CXX_LANGUAGE_STANDARD = "gnu++0x";
				CLANG_CXX_LIBRARY = "libc++";
				CLANG_ENABLE_MODULES = YES;
				CLANG_ENABLE_OBJC_ARC = YES;
				CLANG_WARN_BOOL_CONVERSION = YES;
				CLANG_WARN_CONSTANT_CONVERSION = YES;
				CLANG_WARN_DIRECT_OBJC_ISA_USAGE = YES_ERROR;
				CLANG_WARN_EMPTY_BODY = YES;
				CLANG_WARN_ENUM_CONVERSION = YES;
				CLANG_WARN_INT_CONVERSION = YES;
				CLANG_WARN_OBJC_ROOT_CLASS = YES_ERROR;
				CLANG_WARN_UNREACHABLE_CODE = YES;
				CLANG_WARN__DUPLICATE_METHOD_MATCH = YES;
				"CODE_SIGN_IDENTITY[sdk=iphoneos*]" = "iPhone Developer";
				COPY_PHASE_STRIP = NO;
				DEBUG_INFORMATION_FORMAT = "dwarf-with-dsym";
				ENABLE_NS_ASSERTIONS = NO;
				ENABLE_STRICT_OBJC_MSGSEND = YES;
				GCC_C_LANGUAGE_STANDARD = gnu99;
				GCC_NO_COMMON_BLOCKS = YES;
				GCC_WARN_64_TO_32_BIT_CONVERSION = YES;
				GCC_WARN_ABOUT_RETURN_TYPE = YES_ERROR;
				GCC_WARN_UNDECLARED_SELECTOR = YES;
				GCC_WARN_UNINITIALIZED_AUTOS = YES_AGGRESSIVE;
				GCC_WARN_UNUSED_FUNCTION = YES;
				GCC_WARN_UNUSED_VARIABLE = YES;
				IPHONEOS_DEPLOYMENT_TARGET = 9.2;
				MTL_ENABLE_DEBUG_INFO = NO;
				SDKROOT = iphoneos;
				VALIDATE_PRODUCT = YES;
			};
			name = Release;
		};
		C792B27E1D2CB88F00BF60D1 /* Debug */ = {
			isa = XCBuildConfiguration;
			buildSettings = {
				ASSETCATALOG_COMPILER_APPICON_NAME = AppIcon;
				CODE_SIGN_IDENTITY = "iPhone Developer";
				"CODE_SIGN_IDENTITY[sdk=iphoneos*]" = "iPhone Developer";
				INFOPLIST_FILE = Math/Info.plist;
				IPHONEOS_DEPLOYMENT_TARGET = 8.3;
				LD_RUNPATH_SEARCH_PATHS = "$(inherited) @executable_path/Frameworks";
				PRODUCT_BUNDLE_IDENTIFIER = com.superman.Math;
				PRODUCT_NAME = "$(TARGET_NAME)";
				PROVISIONING_PROFILE = "";
				TARGETED_DEVICE_FAMILY = "1,2";
			};
			name = Debug;
		};
		C792B27F1D2CB88F00BF60D1 /* Release */ = {
			isa = XCBuildConfiguration;
			buildSettings = {
				ASSETCATALOG_COMPILER_APPICON_NAME = AppIcon;
				CODE_SIGN_IDENTITY = "iPhone Developer";
				"CODE_SIGN_IDENTITY[sdk=iphoneos*]" = "iPhone Developer";
				INFOPLIST_FILE = Math/Info.plist;
				IPHONEOS_DEPLOYMENT_TARGET = 8.3;
				LD_RUNPATH_SEARCH_PATHS = "$(inherited) @executable_path/Frameworks";
				PRODUCT_BUNDLE_IDENTIFIER = com.superman.Math;
				PRODUCT_NAME = "$(TARGET_NAME)";
				PROVISIONING_PROFILE = "";
				TARGETED_DEVICE_FAMILY = "1,2";
			};
			name = Release;
		};
/* End XCBuildConfiguration section */

/* Begin XCConfigurationList section */
		C792B2661D2CB88F00BF60D1 /* Build configuration list for PBXProject "Math" */ = {
			isa = XCConfigurationList;
			buildConfigurations = (
				C792B27B1D2CB88F00BF60D1 /* Debug */,
				C792B27C1D2CB88F00BF60D1 /* Release */,
			);
			defaultConfigurationIsVisible = 0;
			defaultConfigurationName = Release;
		};
		C792B27D1D2CB88F00BF60D1 /* Build configuration list for PBXNativeTarget "Math" */ = {
			isa = XCConfigurationList;
			buildConfigurations = (
				C792B27E1D2CB88F00BF60D1 /* Debug */,
				C792B27F1D2CB88F00BF60D1 /* Release */,
			);
			defaultConfigurationIsVisible = 0;
			defaultConfigurationName = Release;
		};
/* End XCConfigurationList section */
	};
	rootObject = C792B2631D2CB88F00BF60D1 /* Project object */;
}
